
Microsoft Visual Studio Solution File, Format Version 12.00
# Visual Studio 15
Project("{FAE04EC0-301F-11D3-BF4B-00C04F79EFBC}") = "People", "People.csproj", "{BAE2324A-8EFF-4ABF-82DE-8FC4B0D3BFDC}"
EndProject
Global
	GlobalSection(SolutionConfigurationPlatforms) = preSolution
		Debug|Any CPU = Debug|Any CPU
		Release|Any CPU = Release|Any CPU
	EndGlobalSection
	GlobalSection(ProjectConfigurationPlatforms) = postSolution
		{BAE2324A-8EFF-4ABF-82DE-8FC4B0D3BFDC}.Debug|Any CPU.ActiveCfg = Debug|Any CPU
		{BAE2324A-8EFF-4ABF-82DE-8FC4B0D3BFDC}.Debug|Any CPU.Build.0 = Debug|Any CPU
		{BAE2324A-8EFF-4ABF-82DE-8FC4B0D3BFDC}.Release|Any CPU.ActiveCfg = Release|Any CPU
		{BAE2324A-8EFF-4ABF-82DE-8FC4B0D3BFDC}.Release|Any CPU.Build.0 = Release|Any CPU
	EndGlobalSection
EndGlobal
