
Microsoft Visual Studio Solution File, Format Version 12.00
# Visual Studio 15
Project("{FAE04EC0-301F-11D3-BF4B-00C04F79EFBC}") = "People", "People.csproj", "{A664B9D6-93AE-4277-88E2-0AB11B49CEDC}"
EndProject
Global
	GlobalSection(SolutionConfigurationPlatforms) = preSolution
		Debug|Any CPU = Debug|Any CPU
		Release|Any CPU = Release|Any CPU
	EndGlobalSection
	GlobalSection(ProjectConfigurationPlatforms) = postSolution
		{A664B9D6-93AE-4277-88E2-0AB11B49CEDC}.Debug|Any CPU.ActiveCfg = Debug|Any CPU
		{A664B9D6-93AE-4277-88E2-0AB11B49CEDC}.Debug|Any CPU.Build.0 = Debug|Any CPU
		{A664B9D6-93AE-4277-88E2-0AB11B49CEDC}.Release|Any CPU.ActiveCfg = Release|Any CPU
		{A664B9D6-93AE-4277-88E2-0AB11B49CEDC}.Release|Any CPU.Build.0 = Release|Any CPU
	EndGlobalSection
EndGlobal
